
Microsoft Visual Studio Solution File, Format Version 12.00
# Visual Studio Version 17
VisualStudioVersion = 17.11.35312.102
MinimumVisualStudioVersion = 10.0.40219.1
Project("{FAE04EC0-301F-11D3-BF4B-00C04F79EFBC}") = "skyBook.API", "skyBook.API\skyBook.API.csproj", "{E1A2A629-D123-46E3-B15D-2A8B462519B9}"
EndProject
Project("{FAE04EC0-301F-11D3-BF4B-00C04F79EFBC}") = "skyBook.Entiti", "skyBook.Entiti\skyBook.Entiti.csproj", "{6A2E1175-EE2E-4217-B069-F407D4383EEB}"
EndProject
Project("{FAE04EC0-301F-11D3-BF4B-00C04F79EFBC}") = "skyBook.Interfaces", "skyBook.Interfaces\skyBook.Interfaces.csproj", "{37190455-2380-4ED4-976F-914E318897C9}"
EndProject
Project("{FAE04EC0-301F-11D3-BF4B-00C04F79EFBC}") = "skyBook.Impl", "skyBook.Impl\skyBook.Impl.csproj", "{431FA56D-39A0-45D2-A993-0A5DE3CF53FF}"
EndProject
Project("{FAE04EC0-301F-11D3-BF4B-00C04F79EFBC}") = "skyBook.Unitest", "skyBook.Unitest\skyBook.Unitest.csproj", "{B570E8F8-C9BA-4426-85C5-74B0CA798567}"
EndProject
Global
	GlobalSection(SolutionConfigurationPlatforms) = preSolution
		Debug|Any CPU = Debug|Any CPU
		Release|Any CPU = Release|Any CPU
	EndGlobalSection
	GlobalSection(ProjectConfigurationPlatforms) = postSolution
		{E1A2A629-D123-46E3-B15D-2A8B462519B9}.Debug|Any CPU.ActiveCfg = Debug|Any CPU
		{E1A2A629-D123-46E3-B15D-2A8B462519B9}.Debug|Any CPU.Build.0 = Debug|Any CPU
		{E1A2A629-D123-46E3-B15D-2A8B462519B9}.Release|Any CPU.ActiveCfg = Release|Any CPU
		{E1A2A629-D123-46E3-B15D-2A8B462519B9}.Release|Any CPU.Build.0 = Release|Any CPU
		{6A2E1175-EE2E-4217-B069-F407D4383EEB}.Debug|Any CPU.ActiveCfg = Debug|Any CPU
		{6A2E1175-EE2E-4217-B069-F407D4383EEB}.Debug|Any CPU.Build.0 = Debug|Any CPU
		{6A2E1175-EE2E-4217-B069-F407D4383EEB}.Release|Any CPU.ActiveCfg = Release|Any CPU
		{6A2E1175-EE2E-4217-B069-F407D4383EEB}.Release|Any CPU.Build.0 = Release|Any CPU
		{37190455-2380-4ED4-976F-914E318897C9}.Debug|Any CPU.ActiveCfg = Debug|Any CPU
		{37190455-2380-4ED4-976F-914E318897C9}.Debug|Any CPU.Build.0 = Debug|Any CPU
		{37190455-2380-4ED4-976F-914E318897C9}.Release|Any CPU.ActiveCfg = Release|Any CPU
		{37190455-2380-4ED4-976F-914E318897C9}.Release|Any CPU.Build.0 = Release|Any CPU
		{431FA56D-39A0-45D2-A993-0A5DE3CF53FF}.Debug|Any CPU.ActiveCfg = Debug|Any CPU
		{431FA56D-39A0-45D2-A993-0A5DE3CF53FF}.Debug|Any CPU.Build.0 = Debug|Any CPU
		{431FA56D-39A0-45D2-A993-0A5DE3CF53FF}.Release|Any CPU.ActiveCfg = Release|Any CPU
		{431FA56D-39A0-45D2-A993-0A5DE3CF53FF}.Release|Any CPU.Build.0 = Release|Any CPU
		{B570E8F8-C9BA-4426-85C5-74B0CA798567}.Debug|Any CPU.ActiveCfg = Debug|Any CPU
		{B570E8F8-C9BA-4426-85C5-74B0CA798567}.Debug|Any CPU.Build.0 = Debug|Any CPU
		{B570E8F8-C9BA-4426-85C5-74B0CA798567}.Release|Any CPU.ActiveCfg = Release|Any CPU
		{B570E8F8-C9BA-4426-85C5-74B0CA798567}.Release|Any CPU.Build.0 = Release|Any CPU
	EndGlobalSection
	GlobalSection(SolutionProperties) = preSolution
		HideSolutionNode = FALSE
	EndGlobalSection
	GlobalSection(ExtensibilityGlobals) = postSolution
		SolutionGuid = {841ED08B-CE7B-4C32-B712-D504D261483B}
	EndGlobalSection
EndGlobal
